
Microsoft Visual Studio Solution File, Format Version 12.00
# Visual Studio Version 17
VisualStudioVersion = 17.3.32825.248
MinimumVisualStudioVersion = 10.0.40219.1
Project("{FAE04EC0-301F-11D3-BF4B-00C04F79EFBC}") = "ToDo App", "ToDo App\ToDo App.csproj", "{A6C08651-2380-478B-9AB0-B4CA4E16A613}"
EndProject
Global
	GlobalSection(SolutionConfigurationPlatforms) = preSolution
		Debug|Any CPU = Debug|Any CPU
		Release|Any CPU = Release|Any CPU
	EndGlobalSection
	GlobalSection(ProjectConfigurationPlatforms) = postSolution
		{A6C08651-2380-478B-9AB0-B4CA4E16A613}.Debug|Any CPU.ActiveCfg = Debug|Any CPU
		{A6C08651-2380-478B-9AB0-B4CA4E16A613}.Debug|Any CPU.Build.0 = Debug|Any CPU
		{A6C08651-2380-478B-9AB0-B4CA4E16A613}.Release|Any CPU.ActiveCfg = Release|Any CPU
		{A6C08651-2380-478B-9AB0-B4CA4E16A613}.Release|Any CPU.Build.0 = Release|Any CPU
	EndGlobalSection
	GlobalSection(SolutionProperties) = preSolution
		HideSolutionNode = FALSE
	EndGlobalSection
	GlobalSection(ExtensibilityGlobals) = postSolution
		SolutionGuid = {5A63017D-7FF0-4BA3-A342-D4BEA41BBE17}
	EndGlobalSection
EndGlobal
